
Microsoft Visual Studio Solution File, Format Version 12.00
# Visual Studio 15
VisualStudioVersion = 15.0.27130.2024
MinimumVisualStudioVersion = 10.0.40219.1
Project("{FAE04EC0-301F-11D3-BF4B-00C04F79EFBC}") = "WebApp", "WebApp\WebApp.csproj", "{145E4EC1-2396-48BC-81B5-DCD57EF1063A}"
EndProject
Global
	GlobalSection(SolutionConfigurationPlatforms) = preSolution
		Debug|Any CPU = Debug|Any CPU
		Release|Any CPU = Release|Any CPU
	EndGlobalSection
	GlobalSection(ProjectConfigurationPlatforms) = postSolution
		{145E4EC1-2396-48BC-81B5-DCD57EF1063A}.Debug|Any CPU.ActiveCfg = Debug|Any CPU
		{145E4EC1-2396-48BC-81B5-DCD57EF1063A}.Debug|Any CPU.Build.0 = Debug|Any CPU
		{145E4EC1-2396-48BC-81B5-DCD57EF1063A}.Release|Any CPU.ActiveCfg = Release|Any CPU
		{145E4EC1-2396-48BC-81B5-DCD57EF1063A}.Release|Any CPU.Build.0 = Release|Any CPU
	EndGlobalSection
	GlobalSection(SolutionProperties) = preSolution
		HideSolutionNode = FALSE
	EndGlobalSection
	GlobalSection(ExtensibilityGlobals) = postSolution
		SolutionGuid = {2EFC49C3-7023-4465-940E-E6FFFFB2F86C}
	EndGlobalSection
EndGlobal
